
Microsoft Visual Studio Solution File, Format Version 12.00
# Visual Studio Version 17
VisualStudioVersion = 17.5.33627.172
MinimumVisualStudioVersion = 10.0.40219.1
Project("{FAE04EC0-301F-11D3-BF4B-00C04F79EFBC}") = "DorianEngine", "DorianEngine\DorianEngine.csproj", "{A7F78AD7-DD37-4478-97CF-D4648403FD03}"
EndProject
Global
	GlobalSection(SolutionConfigurationPlatforms) = preSolution
		Debug|Any CPU = Debug|Any CPU
		Release|Any CPU = Release|Any CPU
	EndGlobalSection
	GlobalSection(ProjectConfigurationPlatforms) = postSolution
		{A7F78AD7-DD37-4478-97CF-D4648403FD03}.Debug|Any CPU.ActiveCfg = Debug|Any CPU
		{A7F78AD7-DD37-4478-97CF-D4648403FD03}.Debug|Any CPU.Build.0 = Debug|Any CPU
		{A7F78AD7-DD37-4478-97CF-D4648403FD03}.Release|Any CPU.ActiveCfg = Release|Any CPU
		{A7F78AD7-DD37-4478-97CF-D4648403FD03}.Release|Any CPU.Build.0 = Release|Any CPU
	EndGlobalSection
	GlobalSection(SolutionProperties) = preSolution
		HideSolutionNode = FALSE
	EndGlobalSection
	GlobalSection(ExtensibilityGlobals) = postSolution
		SolutionGuid = {A7CBACB3-1213-417E-8D6E-9FB54BC675E8}
	EndGlobalSection
EndGlobal
